Microsoft Visual Studio Solution File, Format Version 11.00
# Visual Studio 2010
Project("{8BC9CEB8-8B4A-11D0-8D11-00A0C91BC942}") = "gtk3-prebuild", "gtk3-prebuild.vcxproj", "{B98FBE68-B03C-48E3-8F32-C3C010720D30}"
EndProject
Project("{8BC9CEB8-8B4A-11D0-8D11-00A0C91BC942}") = "gdk3-win32", "gdk3-win32.vcxproj", "{ABA7685A-7CBB-4626-B5E5-6EEEA5B489EF}"
EndProject
Project("{8BC9CEB8-8B4A-11D0-8D11-00A0C91BC942}") = "gdk3-broadway", "gdk3-broadway.vcxproj", "{1DF4C475-4472-4EE4-AC2B-3AB5A4C1A453}"
EndProject
Project("{8BC9CEB8-8B4A-11D0-8D11-00A0C91BC942}") = "broadwayd", "broadwayd.vcxproj", "{E9687D21-E214-4A0C-9EB4-8B38EBB783E5}"
EndProject
Project("{8BC9CEB8-8B4A-11D0-8D11-00A0C91BC942}") = "gdk-3", "gdk-3.vcxproj", "{5AE8F5CE-9103-4951-AEDE-EA2F3B573BE8}"
EndProject
Project("{8BC9CEB8-8B4A-11D0-8D11-00A0C91BC942}") = "gtk-3", "gtk-3.vcxproj", "{95A4B53D-2773-4406-A2C1-8FD2840BBAD8}"
EndProject
Project("{8BC9CEB8-8B4A-11D0-8D11-00A0C91BC942}") = "gtk3-demo", "gtk3-demo.vcxproj", "{BDAE6DE2-6BCC-4107-94F0-DA12214A02DE}"
EndProject
Project("{8BC9CEB8-8B4A-11D0-8D11-00A0C91BC942}") = "gtk3-demo-application", "gtk3-demo-application.vcxproj", "{BE6B4973-C6FF-4C8F-8E97-A47793C50F44}"
EndProject
Project("{8BC9CEB8-8B4A-11D0-8D11-00A0C91BC942}") = "gtk3-icon-browser", "gtk3-icon-browser.vcxproj", "{343333C4-D46C-4C97-A986-959CCA6F1DE0}"
EndProject
Project("{8BC9CEB8-8B4A-11D0-8D11-00A0C91BC942}") = "gtk3-widget-factory", "gtk3-widget-factory.vcxproj", "{BE6B4973-C6FF-4C8F-8E97-A70793C50F44}"
EndProject
Project("{8BC9CEB8-8B4A-11D0-8D11-00A0C91BC942}") = "gtk-encode-symbolic-svg", "gtk-encode-symbolic-svg.vcxproj", "{F280BF1A-777A-4FB5-8005-DFBE04621EDB}"
EndProject
Project("{8BC9CEB8-8B4A-11D0-8D11-00A0C91BC942}") = "gailutil-3", "gailutil-3.vcxproj", "{A1FCED61-4E51-4015-A70C-5373404D1BA0}"
EndProject
Project("{8BC9CEB8-8B4A-11D0-8D11-00A0C91BC942}") = "gtk-update-icon-cache", "gtk-update-icon-cache.vcxproj", "{FC98AF16-4C68-42DF-906B-93A6804C198A}"
EndProject
Project("{8BC9CEB8-8B4A-11D0-8D11-00A0C91BC942}") = "gtk-builder-tool", "gtk-builder-tool.vcxproj", "{7D2397CF-4C25-45BC-A1BB-CB4B6E154BBD}"
EndProject
Project("{8BC9CEB8-8B4A-11D0-8D11-00A0C91BC942}") = "gtk-query-settings", "gtk-query-settings.vcxproj", "{9F22107A-3EF7-4B52-B269-747B65307F36}"
EndProject
Project("{8BC9CEB8-8B4A-11D0-8D11-00A0C91BC942}") = "gtk3-install", "gtk3-install.vcxproj", "{23BBF35F-78AF-4E8C-983F-7B90448CD7DF}"
EndProject
Project("{8BC9CEB8-8B4A-11D0-8D11-00A0C91BC942}") = "gtk3-introspect", "gtk3-introspect.vcxproj", "{A8092C4E-0A21-4B1D-AC82-16764E418D1F}"
EndProject
Global
	GlobalSection(SolutionConfigurationPlatforms) = preSolution
		Debug|Win32 = Debug|Win32
		Debug_Broadway|Win32 = Debug_Broadway|Win32
		Debug|x64 = Debug|x64
		Debug_Broadway|x64 = Debug_Broadway|x64
		Release|Win32 = Release|Win32
		Release_Broadway|Win32 = Release_Broadway|Win32
		Release|x64 = Release|x64
		Release_Broadway|x64 = Release_Broadway|x64
	EndGlobalSection
	GlobalSection(ProjectConfigurationPlatforms) = postSolution
		{B98FBE68-B03C-48E3-8F32-C3C010720D30}.Debug|Win32.ActiveCfg = Debug|Win32
		{B98FBE68-B03C-48E3-8F32-C3C010720D30}.Debug|Win32.Build.0 = Debug|Win32
		{B98FBE68-B03C-48E3-8F32-C3C010720D30}.Debug|x64.ActiveCfg = Debug|x64
		{B98FBE68-B03C-48E3-8F32-C3C010720D30}.Debug|x64.Build.0 = Debug|x64
		{B98FBE68-B03C-48E3-8F32-C3C010720D30}.Release|Win32.ActiveCfg = Release|Win32
		{B98FBE68-B03C-48E3-8F32-C3C010720D30}.Release|Win32.Build.0 = Release|Win32
		{B98FBE68-B03C-48E3-8F32-C3C010720D30}.Release|x64.ActiveCfg = Release|x64
		{B98FBE68-B03C-48E3-8F32-C3C010720D30}.Release|x64.Build.0 = Release|x64
		{B98FBE68-B03C-48E3-8F32-C3C010720D30}.Debug_Broadway|Win32.ActiveCfg = Debug_Broadway|Win32
		{B98FBE68-B03C-48E3-8F32-C3C010720D30}.Debug_Broadway|Win32.Build.0 = Debug_Broadway|Win32
		{B98FBE68-B03C-48E3-8F32-C3C010720D30}.Debug_Broadway|x64.ActiveCfg = Debug_Broadway|x64
		{B98FBE68-B03C-48E3-8F32-C3C010720D30}.Debug_Broadway|x64.Build.0 = Debug_Broadway|x64
		{B98FBE68-B03C-48E3-8F32-C3C010720D30}.Release_Broadway|Win32.ActiveCfg = Release_Broadway|Win32
		{B98FBE68-B03C-48E3-8F32-C3C010720D30}.Release_Broadway|Win32.Build.0 = Release_Broadway|Win32
		{B98FBE68-B03C-48E3-8F32-C3C010720D30}.Release_Broadway|x64.ActiveCfg = Release_Broadway|x64
		{B98FBE68-B03C-48E3-8F32-C3C010720D30}.Release_Broadway|x64.Build.0 = Release_Broadway|x64
		{ABA7685A-7CBB-4626-B5E5-6EEEA5B489EF}.Debug|Win32.ActiveCfg = Debug|Win32
		{ABA7685A-7CBB-4626-B5E5-6EEEA5B489EF}.Debug|Win32.Build.0 = Debug|Win32
		{ABA7685A-7CBB-4626-B5E5-6EEEA5B489EF}.Debug|x64.ActiveCfg = Debug|x64
		{ABA7685A-7CBB-4626-B5E5-6EEEA5B489EF}.Debug|x64.Build.0 = Debug|x64
		{ABA7685A-7CBB-4626-B5E5-6EEEA5B489EF}.Release|Win32.ActiveCfg = Release|Win32
		{ABA7685A-7CBB-4626-B5E5-6EEEA5B489EF}.Release|Win32.Build.0 = Release|Win32
		{ABA7685A-7CBB-4626-B5E5-6EEEA5B489EF}.Release|x64.ActiveCfg = Release|x64
		{ABA7685A-7CBB-4626-B5E5-6EEEA5B489EF}.Release|x64.Build.0 = Release|x64
		{ABA7685A-7CBB-4626-B5E5-6EEEA5B489EF}.Debug_Broadway|Win32.ActiveCfg = Debug|Win32
		{ABA7685A-7CBB-4626-B5E5-6EEEA5B489EF}.Debug_Broadway|Win32.Build.0 = Debug|Win32
		{ABA7685A-7CBB-4626-B5E5-6EEEA5B489EF}.Debug_Broadway|x64.ActiveCfg = Debug|x64
		{ABA7685A-7CBB-4626-B5E5-6EEEA5B489EF}.Debug_Broadway|x64.Build.0 = Debug|x64
		{ABA7685A-7CBB-4626-B5E5-6EEEA5B489EF}.Release_Broadway|Win32.ActiveCfg = Release|Win32
		{ABA7685A-7CBB-4626-B5E5-6EEEA5B489EF}.Release_Broadway|Win32.Build.0 = Release|Win32
		{ABA7685A-7CBB-4626-B5E5-6EEEA5B489EF}.Release_Broadway|x64.ActiveCfg = Release|x64
		{ABA7685A-7CBB-4626-B5E5-6EEEA5B489EF}.Release_Broadway|x64.Build.0 = Release|x64
		{1DF4C475-4472-4EE4-AC2B-3AB5A4C1A453}.Debug_Broadway|Win32.ActiveCfg = Debug_Broadway|Win32
		{1DF4C475-4472-4EE4-AC2B-3AB5A4C1A453}.Debug_Broadway|Win32.Build.0 = Debug_Broadway|Win32
		{1DF4C475-4472-4EE4-AC2B-3AB5A4C1A453}.Debug_Broadway|x64.ActiveCfg = Debug_Broadway|x64
		{1DF4C475-4472-4EE4-AC2B-3AB5A4C1A453}.Debug_Broadway|x64.Build.0 = Debug_Broadway|x64
		{1DF4C475-4472-4EE4-AC2B-3AB5A4C1A453}.Debug|Win32.ActiveCfg = Debug_Broadway|Win32
		{1DF4C475-4472-4EE4-AC2B-3AB5A4C1A453}.Debug|x64.ActiveCfg = Debug_Broadway|x64
		{1DF4C475-4472-4EE4-AC2B-3AB5A4C1A453}.Release_Broadway|Win32.ActiveCfg = Release_Broadway|Win32
		{1DF4C475-4472-4EE4-AC2B-3AB5A4C1A453}.Release_Broadway|Win32.Build.0 = Release_Broadway|Win32
		{1DF4C475-4472-4EE4-AC2B-3AB5A4C1A453}.Release_Broadway|x64.ActiveCfg = Release_Broadway|x64
		{1DF4C475-4472-4EE4-AC2B-3AB5A4C1A453}.Release_Broadway|x64.Build.0 = Release_Broadway|x64
		{1DF4C475-4472-4EE4-AC2B-3AB5A4C1A453}.Release|Win32.ActiveCfg = Release_Broadway|Win32
		{1DF4C475-4472-4EE4-AC2B-3AB5A4C1A453}.Release|x64.ActiveCfg = Release_Broadway|x64
		{E9687D21-E214-4A0C-9EB4-8B38EBB783E5}.Debug_Broadway|Win32.ActiveCfg = Debug_Broadway|Win32
		{E9687D21-E214-4A0C-9EB4-8B38EBB783E5}.Debug_Broadway|Win32.Build.0 = Debug_Broadway|Win32
		{E9687D21-E214-4A0C-9EB4-8B38EBB783E5}.Debug_Broadway|x64.ActiveCfg = Debug_Broadway|x64
		{E9687D21-E214-4A0C-9EB4-8B38EBB783E5}.Debug_Broadway|x64.Build.0 = Debug_Broadway|x64
		{E9687D21-E214-4A0C-9EB4-8B38EBB783E5}.Debug|Win32.ActiveCfg = Debug_Broadway|Win32
		{E9687D21-E214-4A0C-9EB4-8B38EBB783E5}.Debug|x64.ActiveCfg = Debug_Broadway|x64
		{E9687D21-E214-4A0C-9EB4-8B38EBB783E5}.Release_Broadway|Win32.ActiveCfg = Release_Broadway|Win32
		{E9687D21-E214-4A0C-9EB4-8B38EBB783E5}.Release_Broadway|Win32.Build.0 = Release_Broadway|Win32
		{E9687D21-E214-4A0C-9EB4-8B38EBB783E5}.Release_Broadway|x64.ActiveCfg = Release_Broadway|x64
		{E9687D21-E214-4A0C-9EB4-8B38EBB783E5}.Release_Broadway|x64.Build.0 = Release_Broadway|x64
		{E9687D21-E214-4A0C-9EB4-8B38EBB783E5}.Release|Win32.ActiveCfg = Release_Broadway|Win32
		{E9687D21-E214-4A0C-9EB4-8B38EBB783E5}.Release|x64.ActiveCfg = Release_Broadway|x64
		{5AE8F5CE-9103-4951-AEDE-EA2F3B573BE8}.Debug|Win32.ActiveCfg = Debug|Win32
		{5AE8F5CE-9103-4951-AEDE-EA2F3B573BE8}.Debug|Win32.Build.0 = Debug|Win32
		{5AE8F5CE-9103-4951-AEDE-EA2F3B573BE8}.Debug|x64.ActiveCfg = Debug|x64
		{5AE8F5CE-9103-4951-AEDE-EA2F3B573BE8}.Debug|x64.Build.0 = Debug|x64
		{5AE8F5CE-9103-4951-AEDE-EA2F3B573BE8}.Release|Win32.ActiveCfg = Release|Win32
		{5AE8F5CE-9103-4951-AEDE-EA2F3B573BE8}.Release|Win32.Build.0 = Release|Win32
		{5AE8F5CE-9103-4951-AEDE-EA2F3B573BE8}.Release|x64.ActiveCfg = Release|x64
		{5AE8F5CE-9103-4951-AEDE-EA2F3B573BE8}.Release|x64.Build.0 = Release|x64
		{5AE8F5CE-9103-4951-AEDE-EA2F3B573BE8}.Debug_Broadway|Win32.ActiveCfg = Debug_Broadway|Win32
		{5AE8F5CE-9103-4951-AEDE-EA2F3B573BE8}.Debug_Broadway|Win32.Build.0 = Debug_Broadway|Win32
		{5AE8F5CE-9103-4951-AEDE-EA2F3B573BE8}.Debug_Broadway|x64.ActiveCfg = Debug_Broadway|x64
		{5AE8F5CE-9103-4951-AEDE-EA2F3B573BE8}.Debug_Broadway|x64.Build.0 = Debug_Broadway|x64
		{5AE8F5CE-9103-4951-AEDE-EA2F3B573BE8}.Release_Broadway|Win32.ActiveCfg = Release_Broadway|Win32
		{5AE8F5CE-9103-4951-AEDE-EA2F3B573BE8}.Release_Broadway|Win32.Build.0 = Release_Broadway|Win32
		{5AE8F5CE-9103-4951-AEDE-EA2F3B573BE8}.Release_Broadway|x64.ActiveCfg = Release_Broadway|x64
		{5AE8F5CE-9103-4951-AEDE-EA2F3B573BE8}.Release_Broadway|x64.Build.0 = Release_Broadway|x64
		{95A4B53D-2773-4406-A2C1-8FD2840BBAD8}.Debug|Win32.ActiveCfg = Debug|Win32
		{95A4B53D-2773-4406-A2C1-8FD2840BBAD8}.Debug|Win32.Build.0 = Debug|Win32
		{95A4B53D-2773-4406-A2C1-8FD2840BBAD8}.Debug|x64.ActiveCfg = Debug|x64
		{95A4B53D-2773-4406-A2C1-8FD2840BBAD8}.Debug|x64.Build.0 = Debug|x64
		{95A4B53D-2773-4406-A2C1-8FD2840BBAD8}.Release|Win32.ActiveCfg = Release|Win32
		{95A4B53D-2773-4406-A2C1-8FD2840BBAD8}.Release|Win32.Build.0 = Release|Win32
		{95A4B53D-2773-4406-A2C1-8FD2840BBAD8}.Release|x64.ActiveCfg = Release|x64
		{95A4B53D-2773-4406-A2C1-8FD2840BBAD8}.Release|x64.Build.0 = Release|x64
		{95A4B53D-2773-4406-A2C1-8FD2840BBAD8}.Debug_Broadway|Win32.ActiveCfg = Debug|Win32
		{95A4B53D-2773-4406-A2C1-8FD2840BBAD8}.Debug_Broadway|Win32.Build.0 = Debug|Win32
		{95A4B53D-2773-4406-A2C1-8FD2840BBAD8}.Debug_Broadway|x64.ActiveCfg = Debug|x64
		{95A4B53D-2773-4406-A2C1-8FD2840BBAD8}.Debug_Broadway|x64.Build.0 = Debug|x64
		{95A4B53D-2773-4406-A2C1-8FD2840BBAD8}.Release_Broadway|Win32.ActiveCfg = Release|Win32
		{95A4B53D-2773-4406-A2C1-8FD2840BBAD8}.Release_Broadway|Win32.Build.0 = Release|Win32
		{95A4B53D-2773-4406-A2C1-8FD2840BBAD8}.Release_Broadway|x64.ActiveCfg = Release|x64
		{95A4B53D-2773-4406-A2C1-8FD2840BBAD8}.Release_Broadway|x64.Build.0 = Release|x64
		{BDAE6DE2-6BCC-4107-94F0-DA12214A02DE}.Debug|Win32.ActiveCfg = Debug|Win32
		{BDAE6DE2-6BCC-4107-94F0-DA12214A02DE}.Debug|Win32.Build.0 = Debug|Win32
		{BDAE6DE2-6BCC-4107-94F0-DA12214A02DE}.Debug|x64.ActiveCfg = Debug|x64
		{BDAE6DE2-6BCC-4107-94F0-DA12214A02DE}.Debug|x64.Build.0 = Debug|x64
		{BDAE6DE2-6BCC-4107-94F0-DA12214A02DE}.Release|Win32.ActiveCfg = Release|Win32
		{BDAE6DE2-6BCC-4107-94F0-DA12214A02DE}.Release|Win32.Build.0 = Release|Win32
		{BDAE6DE2-6BCC-4107-94F0-DA12214A02DE}.Release|x64.ActiveCfg = Release|x64
		{BDAE6DE2-6BCC-4107-94F0-DA12214A02DE}.Release|x64.Build.0 = Release|x64
		{BDAE6DE2-6BCC-4107-94F0-DA12214A02DE}.Debug_Broadway|Win32.ActiveCfg = Debug|Win32
		{BDAE6DE2-6BCC-4107-94F0-DA12214A02DE}.Debug_Broadway|Win32.Build.0 = Debug|Win32
		{BDAE6DE2-6BCC-4107-94F0-DA12214A02DE}.Debug_Broadway|x64.ActiveCfg = Debug|x64
		{BDAE6DE2-6BCC-4107-94F0-DA12214A02DE}.Debug_Broadway|x64.Build.0 = Debug|x64
		{BDAE6DE2-6BCC-4107-94F0-DA12214A02DE}.Release_Broadway|Win32.ActiveCfg = Release|Win32
		{BDAE6DE2-6BCC-4107-94F0-DA12214A02DE}.Release_Broadway|Win32.Build.0 = Release|Win32
		{BDAE6DE2-6BCC-4107-94F0-DA12214A02DE}.Release_Broadway|x64.ActiveCfg = Release|x64
		{BDAE6DE2-6BCC-4107-94F0-DA12214A02DE}.Release_Broadway|x64.Build.0 = Release|x64
		{A1FCED61-4E51-4015-A70C-5373404D1BA0}.Debug|Win32.ActiveCfg = Debug|Win32
		{A1FCED61-4E51-4015-A70C-5373404D1BA0}.Debug|Win32.Build.0 = Debug|Win32
		{A1FCED61-4E51-4015-A70C-5373404D1BA0}.Debug|x64.ActiveCfg = Debug|x64
		{A1FCED61-4E51-4015-A70C-5373404D1BA0}.Debug|x64.Build.0 = Debug|x64
		{A1FCED61-4E51-4015-A70C-5373404D1BA0}.Release|Win32.ActiveCfg = Release|Win32
		{A1FCED61-4E51-4015-A70C-5373404D1BA0}.Release|Win32.Build.0 = Release|Win32
		{A1FCED61-4E51-4015-A70C-5373404D1BA0}.Release|x64.ActiveCfg = Release|x64
		{A1FCED61-4E51-4015-A70C-5373404D1BA0}.Release|x64.Build.0 = Release|x64
		{A1FCED61-4E51-4015-A70C-5373404D1BA0}.Debug_Broadway|Win32.ActiveCfg = Debug|Win32
		{A1FCED61-4E51-4015-A70C-5373404D1BA0}.Debug_Broadway|Win32.Build.0 = Debug|Win32
		{A1FCED61-4E51-4015-A70C-5373404D1BA0}.Debug_Broadway|x64.ActiveCfg = Debug|x64
		{A1FCED61-4E51-4015-A70C-5373404D1BA0}.Debug_Broadway|x64.Build.0 = Debug|x64
		{A1FCED61-4E51-4015-A70C-5373404D1BA0}.Release_Broadway|Win32.ActiveCfg = Release|Win32
		{A1FCED61-4E51-4015-A70C-5373404D1BA0}.Release_Broadway|Win32.Build.0 = Release|Win32
		{A1FCED61-4E51-4015-A70C-5373404D1BA0}.Release_Broadway|x64.ActiveCfg = Release|x64
		{A1FCED61-4E51-4015-A70C-5373404D1BA0}.Release_Broadway|x64.Build.0 = Release|x64
		{23BBF35F-78AF-4E8C-983F-7B90448CD7DF}.Debug|Win32.ActiveCfg = Debug|Win32
		{23BBF35F-78AF-4E8C-983F-7B90448CD7DF}.Debug|Win32.Build.0 = Debug|Win32
		{23BBF35F-78AF-4E8C-983F-7B90448CD7DF}.Debug|x64.ActiveCfg = Debug|x64
		{23BBF35F-78AF-4E8C-983F-7B90448CD7DF}.Debug|x64.Build.0 = Debug|x64
		{23BBF35F-78AF-4E8C-983F-7B90448CD7DF}.Release|Win32.ActiveCfg = Release|Win32
		{23BBF35F-78AF-4E8C-983F-7B90448CD7DF}.Release|Win32.Build.0 = Release|Win32
		{23BBF35F-78AF-4E8C-983F-7B90448CD7DF}.Release|x64.ActiveCfg = Release|x64
		{23BBF35F-78AF-4E8C-983F-7B90448CD7DF}.Release|x64.Build.0 = Release|x64
		{23BBF35F-78AF-4E8C-983F-7B90448CD7DF}.Debug_Broadway|Win32.ActiveCfg = Debug_Broadway|Win32
		{23BBF35F-78AF-4E8C-983F-7B90448CD7DF}.Debug_Broadway|Win32.Build.0 = Debug_Broadway|Win32
		{23BBF35F-78AF-4E8C-983F-7B90448CD7DF}.Debug_Broadway|x64.ActiveCfg = Debug_Broadway|x64
		{23BBF35F-78AF-4E8C-983F-7B90448CD7DF}.Debug_Broadway|x64.Build.0 = Debug_Broadway|x64
		{23BBF35F-78AF-4E8C-983F-7B90448CD7DF}.Release_Broadway|Win32.ActiveCfg = Release_Broadway|Win32
		{23BBF35F-78AF-4E8C-983F-7B90448CD7DF}.Release_Broadway|Win32.Build.0 = Release_Broadway|Win32
		{23BBF35F-78AF-4E8C-983F-7B90448CD7DF}.Release_Broadway|x64.ActiveCfg = Release_Broadway|x64
		{23BBF35F-78AF-4E8C-983F-7B90448CD7DF}.Release_Broadway|x64.Build.0 = Release_Broadway|x64
		{BE6B4973-C6FF-4C8F-8E97-A47793C50F44}.Debug|Win32.ActiveCfg = Debug|Win32
		{BE6B4973-C6FF-4C8F-8E97-A47793C50F44}.Debug|Win32.Build.0 = Debug|Win32
		{BE6B4973-C6FF-4C8F-8E97-A47793C50F44}.Debug|x64.ActiveCfg = Debug|x64
		{BE6B4973-C6FF-4C8F-8E97-A47793C50F44}.Debug|x64.Build.0 = Debug|x64
		{BE6B4973-C6FF-4C8F-8E97-A47793C50F44}.Release|Win32.ActiveCfg = Release|Win32
		{BE6B4973-C6FF-4C8F-8E97-A47793C50F44}.Release|Win32.Build.0 = Release|Win32
		{BE6B4973-C6FF-4C8F-8E97-A47793C50F44}.Release|x64.ActiveCfg = Release|x64
		{BE6B4973-C6FF-4C8F-8E97-A47793C50F44}.Release|x64.Build.0 = Release|x64
		{BE6B4973-C6FF-4C8F-8E97-A47793C50F44}.Debug_Broadway|Win32.ActiveCfg = Debug|Win32
		{BE6B4973-C6FF-4C8F-8E97-A47793C50F44}.Debug_Broadway|Win32.Build.0 = Debug|Win32
		{BE6B4973-C6FF-4C8F-8E97-A47793C50F44}.Debug_Broadway|x64.ActiveCfg = Debug|x64
		{BE6B4973-C6FF-4C8F-8E97-A47793C50F44}.Debug_Broadway|x64.Build.0 = Debug|x64
		{BE6B4973-C6FF-4C8F-8E97-A47793C50F44}.Release_Broadway|Win32.ActiveCfg = Release|Win32
		{BE6B4973-C6FF-4C8F-8E97-A47793C50F44}.Release_Broadway|Win32.Build.0 = Release|Win32
		{BE6B4973-C6FF-4C8F-8E97-A47793C50F44}.Release_Broadway|x64.ActiveCfg = Release|x64
		{BE6B4973-C6FF-4C8F-8E97-A47793C50F44}.Release_Broadway|x64.Build.0 = Release|x64
		{343333C4-D46C-4C97-A986-959CCA6F1DE0}.Debug|Win32.ActiveCfg = Debug|Win32
		{343333C4-D46C-4C97-A986-959CCA6F1DE0}.Debug|Win32.Build.0 = Debug|Win32
		{343333C4-D46C-4C97-A986-959CCA6F1DE0}.Debug|x64.ActiveCfg = Debug|x64
		{343333C4-D46C-4C97-A986-959CCA6F1DE0}.Debug|x64.Build.0 = Debug|x64
		{343333C4-D46C-4C97-A986-959CCA6F1DE0}.Release|Win32.ActiveCfg = Release|Win32
		{343333C4-D46C-4C97-A986-959CCA6F1DE0}.Release|Win32.Build.0 = Release|Win32
		{343333C4-D46C-4C97-A986-959CCA6F1DE0}.Release|x64.ActiveCfg = Release|x64
		{343333C4-D46C-4C97-A986-959CCA6F1DE0}.Release|x64.Build.0 = Release|x64
		{343333C4-D46C-4C97-A986-959CCA6F1DE0}.Debug_Broadway|Win32.ActiveCfg = Debug|Win32
		{343333C4-D46C-4C97-A986-959CCA6F1DE0}.Debug_Broadway|Win32.Build.0 = Debug|Win32
		{343333C4-D46C-4C97-A986-959CCA6F1DE0}.Debug_Broadway|x64.ActiveCfg = Debug|x64
		{343333C4-D46C-4C97-A986-959CCA6F1DE0}.Debug_Broadway|x64.Build.0 = Debug|x64
		{343333C4-D46C-4C97-A986-959CCA6F1DE0}.Release_Broadway|Win32.ActiveCfg = Release|Win32
		{343333C4-D46C-4C97-A986-959CCA6F1DE0}.Release_Broadway|Win32.Build.0 = Release|Win32
		{343333C4-D46C-4C97-A986-959CCA6F1DE0}.Release_Broadway|x64.ActiveCfg = Release|x64
		{343333C4-D46C-4C97-A986-959CCA6F1DE0}.Release_Broadway|x64.Build.0 = Release|x64
		{F280BF1A-777A-4FB5-8005-DFBE04621EDB}.Debug|Win32.ActiveCfg = Debug|Win32
		{F280BF1A-777A-4FB5-8005-DFBE04621EDB}.Debug|Win32.Build.0 = Debug|Win32
		{F280BF1A-777A-4FB5-8005-DFBE04621EDB}.Debug|x64.ActiveCfg = Debug|x64
		{F280BF1A-777A-4FB5-8005-DFBE04621EDB}.Debug|x64.Build.0 = Debug|x64
		{F280BF1A-777A-4FB5-8005-DFBE04621EDB}.Release|Win32.ActiveCfg = Release|Win32
		{F280BF1A-777A-4FB5-8005-DFBE04621EDB}.Release|Win32.Build.0 = Release|Win32
		{F280BF1A-777A-4FB5-8005-DFBE04621EDB}.Release|x64.ActiveCfg = Release|x64
		{F280BF1A-777A-4FB5-8005-DFBE04621EDB}.Release|x64.Build.0 = Release|x64
		{F280BF1A-777A-4FB5-8005-DFBE04621EDB}.Debug_Broadway|Win32.ActiveCfg = Debug|Win32
		{F280BF1A-777A-4FB5-8005-DFBE04621EDB}.Debug_Broadway|Win32.Build.0 = Debug|Win32
		{F280BF1A-777A-4FB5-8005-DFBE04621EDB}.Debug_Broadway|x64.ActiveCfg = Debug|x64
		{F280BF1A-777A-4FB5-8005-DFBE04621EDB}.Debug_Broadway|x64.Build.0 = Debug|x64
		{F280BF1A-777A-4FB5-8005-DFBE04621EDB}.Release_Broadway|Win32.ActiveCfg = Release|Win32
		{F280BF1A-777A-4FB5-8005-DFBE04621EDB}.Release_Broadway|Win32.Build.0 = Release|Win32
		{F280BF1A-777A-4FB5-8005-DFBE04621EDB}.Release_Broadway|x64.ActiveCfg = Release|x64
		{F280BF1A-777A-4FB5-8005-DFBE04621EDB}.Release_Broadway|x64.Build.0 = Release|x64
		{BE6B4973-C6FF-4C8F-8E97-A70793C50F44}.Debug|Win32.ActiveCfg = Debug|Win32
		{BE6B4973-C6FF-4C8F-8E97-A70793C50F44}.Debug|Win32.Build.0 = Debug|Win32
		{BE6B4973-C6FF-4C8F-8E97-A70793C50F44}.Debug|x64.ActiveCfg = Debug|x64
		{BE6B4973-C6FF-4C8F-8E97-A70793C50F44}.Debug|x64.Build.0 = Debug|x64
		{BE6B4973-C6FF-4C8F-8E97-A70793C50F44}.Release|Win32.ActiveCfg = Release|Win32
		{BE6B4973-C6FF-4C8F-8E97-A70793C50F44}.Release|Win32.Build.0 = Release|Win32
		{BE6B4973-C6FF-4C8F-8E97-A70793C50F44}.Release|x64.ActiveCfg = Release|x64
		{BE6B4973-C6FF-4C8F-8E97-A70793C50F44}.Release|x64.Build.0 = Release|x64
		{BE6B4973-C6FF-4C8F-8E97-A70793C50F44}.Debug_Broadway|Win32.ActiveCfg = Debug|Win32
		{BE6B4973-C6FF-4C8F-8E97-A70793C50F44}.Debug_Broadway|Win32.Build.0 = Debug|Win32
		{BE6B4973-C6FF-4C8F-8E97-A70793C50F44}.Debug_Broadway|x64.ActiveCfg = Debug|x64
		{BE6B4973-C6FF-4C8F-8E97-A70793C50F44}.Debug_Broadway|x64.Build.0 = Debug|x64
		{BE6B4973-C6FF-4C8F-8E97-A70793C50F44}.Release_Broadway|Win32.ActiveCfg = Release|Win32
		{BE6B4973-C6FF-4C8F-8E97-A70793C50F44}.Release_Broadway|Win32.Build.0 = Release|Win32
		{BE6B4973-C6FF-4C8F-8E97-A70793C50F44}.Release_Broadway|x64.ActiveCfg = Release|x64
		{BE6B4973-C6FF-4C8F-8E97-A70793C50F44}.Release_Broadway|x64.Build.0 = Release|x64
		{FC98AF16-4C68-42DF-906B-93A6804C198A}.Debug|Win32.ActiveCfg = Debug|Win32
		{FC98AF16-4C68-42DF-906B-93A6804C198A}.Debug|Win32.Build.0 = Debug|Win32
		{FC98AF16-4C68-42DF-906B-93A6804C198A}.Debug|x64.ActiveCfg = Debug|x64
		{FC98AF16-4C68-42DF-906B-93A6804C198A}.Debug|x64.Build.0 = Debug|x64
		{FC98AF16-4C68-42DF-906B-93A6804C198A}.Release|Win32.ActiveCfg = Release|Win32
		{FC98AF16-4C68-42DF-906B-93A6804C198A}.Release|Win32.Build.0 = Release|Win32
		{FC98AF16-4C68-42DF-906B-93A6804C198A}.Release|x64.ActiveCfg = Release|x64
		{FC98AF16-4C68-42DF-906B-93A6804C198A}.Release|x64.Build.0 = Release|x64
		{FC98AF16-4C68-42DF-906B-93A6804C198A}.Debug_Broadway|Win32.ActiveCfg = Debug|Win32
		{FC98AF16-4C68-42DF-906B-93A6804C198A}.Debug_Broadway|Win32.Build.0 = Debug|Win32
		{FC98AF16-4C68-42DF-906B-93A6804C198A}.Debug_Broadway|x64.ActiveCfg = Debug|x64
		{FC98AF16-4C68-42DF-906B-93A6804C198A}.Debug_Broadway|x64.Build.0 = Debug|x64
		{FC98AF16-4C68-42DF-906B-93A6804C198A}.Release_Broadway|Win32.ActiveCfg = Release|Win32
		{FC98AF16-4C68-42DF-906B-93A6804C198A}.Release_Broadway|Win32.Build.0 = Release|Win32
		{FC98AF16-4C68-42DF-906B-93A6804C198A}.Release_Broadway|x64.ActiveCfg = Release|x64
		{FC98AF16-4C68-42DF-906B-93A6804C198A}.Release_Broadway|x64.Build.0 = Release|x64
		{7D2397CF-4C25-45BC-A1BB-CB4B6E154BBD}.Debug|Win32.ActiveCfg = Debug|Win32
		{7D2397CF-4C25-45BC-A1BB-CB4B6E154BBD}.Debug|Win32.Build.0 = Debug|Win32
		{7D2397CF-4C25-45BC-A1BB-CB4B6E154BBD}.Debug|x64.ActiveCfg = Debug|x64
		{7D2397CF-4C25-45BC-A1BB-CB4B6E154BBD}.Debug|x64.Build.0 = Debug|x64
		{7D2397CF-4C25-45BC-A1BB-CB4B6E154BBD}.Release|Win32.ActiveCfg = Release|Win32
		{7D2397CF-4C25-45BC-A1BB-CB4B6E154BBD}.Release|Win32.Build.0 = Release|Win32
		{7D2397CF-4C25-45BC-A1BB-CB4B6E154BBD}.Release|x64.ActiveCfg = Release|x64
		{7D2397CF-4C25-45BC-A1BB-CB4B6E154BBD}.Release|x64.Build.0 = Release|x64
		{7D2397CF-4C25-45BC-A1BB-CB4B6E154BBD}.Debug_Broadway|Win32.ActiveCfg = Debug|Win32
		{7D2397CF-4C25-45BC-A1BB-CB4B6E154BBD}.Debug_Broadway|Win32.Build.0 = Debug|Win32
		{7D2397CF-4C25-45BC-A1BB-CB4B6E154BBD}.Debug_Broadway|x64.ActiveCfg = Debug|x64
		{7D2397CF-4C25-45BC-A1BB-CB4B6E154BBD}.Debug_Broadway|x64.Build.0 = Debug|x64
		{7D2397CF-4C25-45BC-A1BB-CB4B6E154BBD}.Release_Broadway|Win32.ActiveCfg = Release|Win32
		{7D2397CF-4C25-45BC-A1BB-CB4B6E154BBD}.Release_Broadway|Win32.Build.0 = Release|Win32
		{7D2397CF-4C25-45BC-A1BB-CB4B6E154BBD}.Release_Broadway|x64.ActiveCfg = Release|x64
		{7D2397CF-4C25-45BC-A1BB-CB4B6E154BBD}.Release_Broadway|x64.Build.0 = Release|x64
		{9F22107A-3EF7-4B52-B269-747B65307F36}.Debug|Win32.ActiveCfg = Debug|Win32
		{9F22107A-3EF7-4B52-B269-747B65307F36}.Debug|Win32.Build.0 = Debug|Win32
		{9F22107A-3EF7-4B52-B269-747B65307F36}.Debug|x64.ActiveCfg = Debug|x64
		{9F22107A-3EF7-4B52-B269-747B65307F36}.Debug|x64.Build.0 = Debug|x64
		{9F22107A-3EF7-4B52-B269-747B65307F36}.Release|Win32.ActiveCfg = Release|Win32
		{9F22107A-3EF7-4B52-B269-747B65307F36}.Release|Win32.Build.0 = Release|Win32
		{9F22107A-3EF7-4B52-B269-747B65307F36}.Release|x64.ActiveCfg = Release|x64
		{9F22107A-3EF7-4B52-B269-747B65307F36}.Release|x64.Build.0 = Release|x64
		{9F22107A-3EF7-4B52-B269-747B65307F36}.Debug_Broadway|Win32.ActiveCfg = Debug|Win32
		{9F22107A-3EF7-4B52-B269-747B65307F36}.Debug_Broadway|Win32.Build.0 = Debug|Win32
		{9F22107A-3EF7-4B52-B269-747B65307F36}.Debug_Broadway|x64.ActiveCfg = Debug|x64
		{9F22107A-3EF7-4B52-B269-747B65307F36}.Debug_Broadway|x64.Build.0 = Debug|x64
		{9F22107A-3EF7-4B52-B269-747B65307F36}.Release_Broadway|Win32.ActiveCfg = Release|Win32
		{9F22107A-3EF7-4B52-B269-747B65307F36}.Release_Broadway|Win32.Build.0 = Release|Win32
		{9F22107A-3EF7-4B52-B269-747B65307F36}.Release_Broadway|x64.ActiveCfg = Release|x64
		{9F22107A-3EF7-4B52-B269-747B65307F36}.Release_Broadway|x64.Build.0 = Release|x64
		{A8092C4E-0A21-4B1D-AC82-16764E418D1F}.Debug|Win32.ActiveCfg = Debug|Win32
		{A8092C4E-0A21-4B1D-AC82-16764E418D1F}.Debug|x64.ActiveCfg = Debug|x64
		{A8092C4E-0A21-4B1D-AC82-16764E418D1F}.Release|Win32.ActiveCfg = Release|Win32
		{A8092C4E-0A21-4B1D-AC82-16764E418D1F}.Release|x64.ActiveCfg = Release|x64
		{A8092C4E-0A21-4B1D-AC82-16764E418D1F}.Debug_Broadway|Win32.ActiveCfg = Debug|Win32
		{A8092C4E-0A21-4B1D-AC82-16764E418D1F}.Debug_Broadway|x64.ActiveCfg = Debug|x64
		{A8092C4E-0A21-4B1D-AC82-16764E418D1F}.Release_Broadway|Win32.ActiveCfg = Release|Win32
		{A8092C4E-0A21-4B1D-AC82-16764E418D1F}.Release_Broadway|x64.ActiveCfg = Release|x64
	EndGlobalSection
	GlobalSection(SolutionProperties) = preSolution
		HideSolutionNode = FALSE
	EndGlobalSection
EndGlobal
